// !$*UTF8*$!
{
	archiveVersion = 1;
	classes = {
	};
	objectVersion = 46;
	objects = {

/* Begin PBXBuildFile section */
		4EE866911B406BAD00EA58D7 /* AppDelegate.swift in Sources */ = {isa = PBXBuildFile; fileRef = 4EE866901B406BAD00EA58D7 /* AppDelegate.swift */; };
		4EE866941B406BAD00EA58D7 /* Storing_images.xcdatamodeld in Sources */ = {isa = PBXBuildFile; fileRef = 4EE866921B406BAD00EA58D7 /* Storing_images.xcdatamodeld */; };
		4EE866961B406BAD00EA58D7 /* ViewController.swift in Sources */ = {isa = PBXBuildFile; fileRef = 4EE866951B406BAD00EA58D7 /* ViewController.swift */; };
		4EE866991B406BAD00EA58D7 /* Main.storyboard in Resources */ = {isa = PBXBuildFile; fileRef = 4EE866971B406BAD00EA58D7 /* Main.storyboard */; };
		4EE8669B1B406BAD00EA58D7 /* Images.xcassets in Resources */ = {isa = PBXBuildFile; fileRef = 4EE8669A1B406BAD00EA58D7 /* Images.xcassets */; };
		4EE8669E1B406BAD00EA58D7 /* LaunchScreen.xib in Resources */ = {isa = PBXBuildFile; fileRef = 4EE8669C1B406BAD00EA58D7 /* LaunchScreen.xib */; };
		4EE866AA1B406BAD00EA58D7 /* Storing_imagesTests.swift in Sources */ = {isa = PBXBuildFile; fileRef = 4EE866A91B406BAD00EA58D7 /* Storing_imagesTests.swift */; };
/* End PBXBuildFile section */

/* Begin PBXContainerItemProxy section */
		4EE866A41B406BAD00EA58D7 /* PBXContainerItemProxy */ = {
			isa = PBXContainerItemProxy;
			containerPortal = 4EE866831B406BAD00EA58D7 /* Project object */;
			proxyType = 1;
			remoteGlobalIDString = 4EE8668A1B406BAD00EA58D7;
			remoteInfo = "Storing images";
		};
/* End PBXContainerItemProxy section */

/* Begin PBXFileReference section */
		4EE8668B1B406BAD00EA58D7 /* Storing images.app */ = {isa = PBXFileReference; explicitFileType = wrapper.application; includeInIndex = 0; path = "Storing images.app"; sourceTree = BUILT_PRODUCTS_DIR; };
		4EE8668F1B406BAD00EA58D7 /* Info.plist */ = {isa = PBXFileReference; lastKnownFileType = text.plist.xml; path = Info.plist; sourceTree = "<group>"; };
		4EE866901B406BAD00EA58D7 /* AppDelegate.swift */ = {isa = PBXFileReference; lastKnownFileType = sourcecode.swift; path = AppDelegate.swift; sourceTree = "<group>"; };
		4EE866931B406BAD00EA58D7 /* Storing_images.xcdatamodel */ = {isa = PBXFileReference; lastKnownFileType = wrapper.xcdatamodel; path = Storing_images.xcdatamodel; sourceTree = "<group>"; };
		4EE866951B406BAD00EA58D7 /* ViewController.swift */ = {isa = PBXFileReference; lastKnownFileType = sourcecode.swift; path = ViewController.swift; sourceTree = "<group>"; };
		4EE866981B406BAD00EA58D7 /* Base */ = {isa = PBXFileReference; lastKnownFileType = file.storyboard; name = Base; path = Base.lproj/Main.storyboard; sourceTree = "<group>"; };
		4EE8669A1B406BAD00EA58D7 /* Images.xcassets */ = {isa = PBXFileReference; lastKnownFileType = folder.assetcatalog; path = Images.xcassets; sourceTree = "<group>"; };
		4EE8669D1B406BAD00EA58D7 /* Base */ = {isa = PBXFileReference; lastKnownFileType = file.xib; name = Base; path = Base.lproj/LaunchScreen.xib; sourceTree = "<group>"; };
		4EE866A31B406BAD00EA58D7 /* Storing imagesTests.xctest */ = {isa = PBXFileReference; explicitFileType = wrapper.cfbundle; includeInIndex = 0; path = "Storing imagesTests.xctest"; sourceTree = BUILT_PRODUCTS_DIR; };
		4EE866A81B406BAD00EA58D7 /* Info.plist */ = {isa = PBXFileReference; lastKnownFileType = text.plist.xml; path = Info.plist; sourceTree = "<group>"; };
		4EE866A91B406BAD00EA58D7 /* Storing_imagesTests.swift */ = {isa = PBXFileReference; lastKnownFileType = sourcecode.swift; path = Storing_imagesTests.swift; sourceTree = "<group>"; };
/* End PBXFileReference section */

/* Begin PBXFrameworksBuildPhase section */
		4EE866881B406BAD00EA58D7 /* Frameworks */ = {
			isa = PBXFrameworksBuildPhase;
			buildActionMask = 2147483647;
			files = (
			);
			runOnlyForDeploymentPostprocessing = 0;
		};
		4EE866A01B406BAD00EA58D7 /* Frameworks */ = {
			isa = PBXFrameworksBuildPhase;
			buildActionMask = 2147483647;
			files = (
			);
			runOnlyForDeploymentPostprocessing = 0;
		};
/* End PBXFrameworksBuildPhase section */

/* Begin PBXGroup section */
		4EE866821B406BAD00EA58D7 = {
			isa = PBXGroup;
			children = (
				4EE8668D1B406BAD00EA58D7 /* Storing images */,
				4EE866A61B406BAD00EA58D7 /* Storing imagesTests */,
				4EE8668C1B406BAD00EA58D7 /* Products */,
			);
			sourceTree = "<group>";
		};
		4EE8668C1B406BAD00EA58D7 /* Products */ = {
			isa = PBXGroup;
			children = (
				4EE8668B1B406BAD00EA58D7 /* Storing images.app */,
				4EE866A31B406BAD00EA58D7 /* Storing imagesTests.xctest */,
			);
			name = Products;
			sourceTree = "<group>";
		};
		4EE8668D1B406BAD00EA58D7 /* Storing images */ = {
			isa = PBXGroup;
			children = (
				4EE866901B406BAD00EA58D7 /* AppDelegate.swift */,
				4EE866951B406BAD00EA58D7 /* ViewController.swift */,
				4EE866971B406BAD00EA58D7 /* Main.storyboard */,
				4EE8669A1B406BAD00EA58D7 /* Images.xcassets */,
				4EE8669C1B406BAD00EA58D7 /* LaunchScreen.xib */,
				4EE866921B406BAD00EA58D7 /* Storing_images.xcdatamodeld */,
				4EE8668E1B406BAD00EA58D7 /* Supporting Files */,
			);
			path = "Storing images";
			sourceTree = "<group>";
		};
		4EE8668E1B406BAD00EA58D7 /* Supporting Files */ = {
			isa = PBXGroup;
			children = (
				4EE8668F1B406BAD00EA58D7 /* Info.plist */,
			);
			name = "Supporting Files";
			sourceTree = "<group>";
		};
		4EE866A61B406BAD00EA58D7 /* Storing imagesTests */ = {
			isa = PBXGroup;
			children = (
				4EE866A91B406BAD00EA58D7 /* Storing_imagesTests.swift */,
				4EE866A71B406BAD00EA58D7 /* Supporting Files */,
			);
			path = "Storing imagesTests";
			sourceTree = "<group>";
		};
		4EE866A71B406BAD00EA58D7 /* Supporting Files */ = {
			isa = PBXGroup;
			children = (
				4EE866A81B406BAD00EA58D7 /* Info.plist */,
			);
			name = "Supporting Files";
			sourceTree = "<group>";
		};
/* End PBXGroup section */

/* Begin PBXNativeTarget section */
		4EE8668A1B406BAD00EA58D7 /* Storing images */ = {
			isa = PBXNativeTarget;
			buildConfigurationList = 4EE866AD1B406BAD00EA58D7 /* Build configuration list for PBXNativeTarget "Storing images" */;
			buildPhases = (
				4EE866871B406BAD00EA58D7 /* Sources */,
				4EE866881B406BAD00EA58D7 /* Frameworks */,
				4EE866891B406BAD00EA58D7 /* Resources */,
			);
			buildRules = (
			);
			dependencies = (
			);
			name = "Storing images";
			productName = "Storing images";
			productReference = 4EE8668B1B406BAD00EA58D7 /* Storing images.app */;
			productType = "com.apple.product-type.application";
		};
		4EE866A21B406BAD00EA58D7 /* Storing imagesTests */ = {
			isa = PBXNativeTarget;
			buildConfigurationList = 4EE866B01B406BAD00EA58D7 /* Build configuration list for PBXNativeTarget "Storing imagesTests" */;
			buildPhases = (
				4EE8669F1B406BAD00EA58D7 /* Sources */,
				4EE866A01B406BAD00EA58D7 /* Frameworks */,
				4EE866A11B406BAD00EA58D7 /* Resources */,
			);
			buildRules = (
			);
			dependencies = (
				4EE866A51B406BAD00EA58D7 /* PBXTargetDependency */,
			);
			name = "Storing imagesTests";
			productName = "Storing imagesTests";
			productReference = 4EE866A31B406BAD00EA58D7 /* Storing imagesTests.xctest */;
			productType = "com.apple.product-type.bundle.unit-test";
		};
/* End PBXNativeTarget section */

/* Begin PBXProject section */
		4EE866831B406BAD00EA58D7 /* Project object */ = {
			isa = PBXProject;
			attributes = {
				LastUpgradeCheck = 0630;
				ORGANIZATIONNAME = "Liu Empire";
				TargetAttributes = {
					4EE8668A1B406BAD00EA58D7 = {
						CreatedOnToolsVersion = 6.3.1;
					};
					4EE866A21B406BAD00EA58D7 = {
						CreatedOnToolsVersion = 6.3.1;
						TestTargetID = 4EE8668A1B406BAD00EA58D7;
					};
				};
			};
			buildConfigurationList = 4EE866861B406BAD00EA58D7 /* Build configuration list for PBXProject "Storing images" */;
			compatibilityVersion = "Xcode 3.2";
			developmentRegion = English;
			hasScannedForEncodings = 0;
			knownRegions = (
				en,
				Base,
			);
			mainGroup = 4EE866821B406BAD00EA58D7;
			productRefGroup = 4EE8668C1B406BAD00EA58D7 /* Products */;
			projectDirPath = "";
			projectRoot = "";
			targets = (
				4EE8668A1B406BAD00EA58D7 /* Storing images */,
				4EE866A21B406BAD00EA58D7 /* Storing imagesTests */,
			);
		};
/* End PBXProject section */

/* Begin PBXResourcesBuildPhase section */
		4EE866891B406BAD00EA58D7 /* Resources */ = {
			isa = PBXResourcesBuildPhase;
			buildActionMask = 2147483647;
			files = (
				4EE866991B406BAD00EA58D7 /* Main.storyboard in Resources */,
				4EE8669E1B406BAD00EA58D7 /* LaunchScreen.xib in Resources */,
				4EE8669B1B406BAD00EA58D7 /* Images.xcassets in Resources */,
			);
			runOnlyForDeploymentPostprocessing = 0;
		};
		4EE866A11B406BAD00EA58D7 /* Resources */ = {
			isa = PBXResourcesBuildPhase;
			buildActionMask = 2147483647;
			files = (
			);
			runOnlyForDeploymentPostprocessing = 0;
		};
/* End PBXResourcesBuildPhase section */

/* Begin PBXSourcesBuildPhase section */
		4EE866871B406BAD00EA58D7 /* Sources */ = {
			isa = PBXSourcesBuildPhase;
			buildActionMask = 2147483647;
			files = (
				4EE866961B406BAD00EA58D7 /* ViewController.swift in Sources */,
				4EE866941B406BAD00EA58D7 /* Storing_images.xcdatamodeld in Sources */,
				4EE866911B406BAD00EA58D7 /* AppDelegate.swift in Sources */,
			);
			runOnlyForDeploymentPostprocessing = 0;
		};
		4EE8669F1B406BAD00EA58D7 /* Sources */ = {
			isa = PBXSourcesBuildPhase;
			buildActionMask = 2147483647;
			files = (
				4EE866AA1B406BAD00EA58D7 /* Storing_imagesTests.swift in Sources */,
			);
			runOnlyForDeploymentPostprocessing = 0;
		};
/* End PBXSourcesBuildPhase section */

/* Begin PBXTargetDependency section */
		4EE866A51B406BAD00EA58D7 /* PBXTargetDependency */ = {
			isa = PBXTargetDependency;
			target = 4EE8668A1B406BAD00EA58D7 /* Storing images */;
			targetProxy = 4EE866A41B406BAD00EA58D7 /* PBXContainerItemProxy */;
		};
/* End PBXTargetDependency section */

/* Begin PBXVariantGroup section */
		4EE866971B406BAD00EA58D7 /* Main.storyboard */ = {
			isa = PBXVariantGroup;
			children = (
				4EE866981B406BAD00EA58D7 /* Base */,
			);
			name = Main.storyboard;
			sourceTree = "<group>";
		};
		4EE8669C1B406BAD00EA58D7 /* LaunchScreen.xib */ = {
			isa = PBXVariantGroup;
			children = (
				4EE8669D1B406BAD00EA58D7 /* Base */,
			);
			name = LaunchScreen.xib;
			sourceTree = "<group>";
		};
/* End PBXVariantGroup section */

/* Begin XCBuildConfiguration section */
		4EE866AB1B406BAD00EA58D7 /* Debug */ = {
			isa = XCBuildConfiguration;
			buildSettings = {
				ALWAYS_SEARCH_USER_PATHS = NO;
				CLANG_CXX_LANGUAGE_STANDARD = "gnu++0x";
				CLANG_CXX_LIBRARY = "libc++";
				CLANG_ENABLE_MODULES = YES;
				CLANG_ENABLE_OBJC_ARC = YES;
				CLANG_WARN_BOOL_CONVERSION = YES;
				CLANG_WARN_CONSTANT_CONVERSION = YES;
				CLANG_WARN_DIRECT_OBJC_ISA_USAGE = YES_ERROR;
				CLANG_WARN_EMPTY_BODY = YES;
				CLANG_WARN_ENUM_CONVERSION = YES;
				CLANG_WARN_INT_CONVERSION = YES;
				CLANG_WARN_OBJC_ROOT_CLASS = YES_ERROR;
				CLANG_WARN_UNREACHABLE_CODE = YES;
				CLANG_WARN__DUPLICATE_METHOD_MATCH = YES;
				"CODE_SIGN_IDENTITY[sdk=iphoneos*]" = "iPhone Developer";
				COPY_PHASE_STRIP = NO;
				DEBUG_INFORMATION_FORMAT = "dwarf-with-dsym";
				ENABLE_STRICT_OBJC_MSGSEND = YES;
				GCC_C_LANGUAGE_STANDARD = gnu99;
				GCC_DYNAMIC_NO_PIC = NO;
				GCC_NO_COMMON_BLOCKS = YES;
				GCC_OPTIMIZATION_LEVEL = 0;
				GCC_PREPROCESSOR_DEFINITIONS = (
					"DEBUG=1",
					"$(inherited)",
				);
				GCC_SYMBOLS_PRIVATE_EXTERN = NO;
				GCC_WARN_64_TO_32_BIT_CONVERSION = YES;
				GCC_WARN_ABOUT_RETURN_TYPE = YES_ERROR;
				GCC_WARN_UNDECLARED_SELECTOR = YES;
				GCC_WARN_UNINITIALIZED_AUTOS = YES_AGGRESSIVE;
				GCC_WARN_UNUSED_FUNCTION = YES;
				GCC_WARN_UNUSED_VARIABLE = YES;
				IPHONEOS_DEPLOYMENT_TARGET = 8.3;
				MTL_ENABLE_DEBUG_INFO = YES;
				ONLY_ACTIVE_ARCH = YES;
				SDKROOT = iphoneos;
				SWIFT_OPTIMIZATION_LEVEL = "-Onone";
			};
			name = Debug;
		};
		4EE866AC1B406BAD00EA58D7 /* Release */ = {
			isa = XCBuildConfiguration;
			buildSettings = {
				ALWAYS_SEARCH_USER_PATHS = NO;
				CLANG_CXX_LANGUAGE_STANDARD = "gnu++0x";
				CLANG_CXX_LIBRARY = "libc++";
				CLANG_ENABLE_MODULES = YES;
				CLANG_ENABLE_OBJC_ARC = YES;
				CLANG_WARN_BOOL_CONVERSION = YES;
				CLANG_WARN_CONSTANT_CONVERSION = YES;
				CLANG_WARN_DIRECT_OBJC_ISA_USAGE = YES_ERROR;
				CLANG_WARN_EMPTY_BODY = YES;
				CLANG_WARN_ENUM_CONVERSION = YES;
				CLANG_WARN_INT_CONVERSION = YES;
				CLANG_WARN_OBJC_ROOT_CLASS = YES_ERROR;
				CLANG_WARN_UNREACHABLE_CODE = YES;
				CLANG_WARN__DUPLICATE_METHOD_MATCH = YES;
				"CODE_SIGN_IDENTITY[sdk=iphoneos*]" = "iPhone Developer";
				COPY_PHASE_STRIP = NO;
				DEBUG_INFORMATION_FORMAT = "dwarf-with-dsym";
				ENABLE_NS_ASSERTIONS = NO;
				ENABLE_STRICT_OBJC_MSGSEND = YES;
				GCC_C_LANGUAGE_STANDARD = gnu99;
				GCC_NO_COMMON_BLOCKS = YES;
				GCC_WARN_64_TO_32_BIT_CONVERSION = YES;
				GCC_WARN_ABOUT_RETURN_TYPE = YES_ERROR;
				GCC_WARN_UNDECLARED_SELECTOR = YES;
				GCC_WARN_UNINITIALIZED_AUTOS = YES_AGGRESSIVE;
				GCC_WARN_UNUSED_FUNCTION = YES;
				GCC_WARN_UNUSED_VARIABLE = YES;
				IPHONEOS_DEPLOYMENT_TARGET = 8.3;
				MTL_ENABLE_DEBUG_INFO = NO;
				SDKROOT = iphoneos;
				VALIDATE_PRODUCT = YES;
			};
			name = Release;
		};
		4EE866AE1B406BAD00EA58D7 /* Debug */ = {
			isa = XCBuildConfiguration;
			buildSettings = {
				ASSETCATALOG_COMPILER_APPICON_NAME = AppIcon;
				INFOPLIST_FILE = "Storing images/Info.plist";
				LD_RUNPATH_SEARCH_PATHS = "$(inherited) @executable_path/Frameworks";
				PRODUCT_NAME = "$(TARGET_NAME)";
			};
			name = Debug;
		};
		4EE866AF1B406BAD00EA58D7 /* Release */ = {
			isa = XCBuildConfiguration;
			buildSettings = {
				ASSETCATALOG_COMPILER_APPICON_NAME = AppIcon;
				INFOPLIST_FILE = "Storing images/Info.plist";
				LD_RUNPATH_SEARCH_PATHS = "$(inherited) @executable_path/Frameworks";
				PRODUCT_NAME = "$(TARGET_NAME)";
			};
			name = Release;
		};
		4EE866B11B406BAD00EA58D7 /* Debug */ = {
			isa = XCBuildConfiguration;
			buildSettings = {
				BUNDLE_LOADER = "$(TEST_HOST)";
				FRAMEWORK_SEARCH_PATHS = (
					"$(SDKROOT)/Developer/Library/Frameworks",
					"$(inherited)",
				);
				GCC_PREPROCESSOR_DEFINITIONS = (
					"DEBUG=1",
					"$(inherited)",
				);
				INFOPLIST_FILE = "Storing imagesTests/Info.plist";
				LD_RUNPATH_SEARCH_PATHS = "$(inherited) @executable_path/Frameworks @loader_path/Frameworks";
				PRODUCT_NAME = "$(TARGET_NAME)";
				TEST_HOST = "$(BUILT_PRODUCTS_DIR)/Storing images.app/Storing images";
			};
			name = Debug;
		};
		4EE866B21B406BAD00EA58D7 /* Release */ = {
			isa = XCBuildConfiguration;
			buildSettings = {
				BUNDLE_LOADER = "$(TEST_HOST)";
				FRAMEWORK_SEARCH_PATHS = (
					"$(SDKROOT)/Developer/Library/Frameworks",
					"$(inherited)",
				);
				INFOPLIST_FILE = "Storing imagesTests/Info.plist";
				LD_RUNPATH_SEARCH_PATHS = "$(inherited) @executable_path/Frameworks @loader_path/Frameworks";
				PRODUCT_NAME = "$(TARGET_NAME)";
				TEST_HOST = "$(BUILT_PRODUCTS_DIR)/Storing images.app/Storing images";
			};
			name = Release;
		};
/* End XCBuildConfiguration section */

/* Begin XCConfigurationList section */
		4EE866861B406BAD00EA58D7 /* Build configuration list for PBXProject "Storing images" */ = {
			isa = XCConfigurationList;
			buildConfigurations = (
				4EE866AB1B406BAD00EA58D7 /* Debug */,
				4EE866AC1B406BAD00EA58D7 /* Release */,
			);
			defaultConfigurationIsVisible = 0;
			defaultConfigurationName = Release;
		};
		4EE866AD1B406BAD00EA58D7 /* Build configuration list for PBXNativeTarget "Storing images" */ = {
			isa = XCConfigurationList;
			buildConfigurations = (
				4EE866AE1B406BAD00EA58D7 /* Debug */,
				4EE866AF1B406BAD00EA58D7 /* Release */,
			);
			defaultConfigurationIsVisible = 0;
		};
		4EE866B01B406BAD00EA58D7 /* Build configuration list for PBXNativeTarget "Storing imagesTests" */ = {
			isa = XCConfigurationList;
			buildConfigurations = (
				4EE866B11B406BAD00EA58D7 /* Debug */,
				4EE866B21B406BAD00EA58D7 /* Release */,
			);
			defaultConfigurationIsVisible = 0;
		};
/* End XCConfigurationList section */

/* Begin XCVersionGroup section */
		4EE866921B406BAD00EA58D7 /* Storing_images.xcdatamodeld */ = {
			isa = XCVersionGroup;
			children = (
				4EE866931B406BAD00EA58D7 /* Storing_images.xcdatamodel */,
			);
			currentVersion = 4EE866931B406BAD00EA58D7 /* Storing_images.xcdatamodel */;
			path = Storing_images.xcdatamodeld;
			sourceTree = "<group>";
			versionGroupType = wrapper.xcdatamodel;
		};
/* End XCVersionGroup section */
	};
	rootObject = 4EE866831B406BAD00EA58D7 /* Project object */;
}
